
Microsoft Visual Studio Solution File, Format Version 12.00
# Visual Studio 15
VisualStudioVersion = 15.0.28010.2048
MinimumVisualStudioVersion = 10.0.40219.1
Project("{FAE04EC0-301F-11D3-BF4B-00C04F79EFBC}") = "Paintings", "Paintings\Paintings.csproj", "{30E5CBA4-BA4B-40FB-9C64-33C7A5451677}"
EndProject
Global
	GlobalSection(SolutionConfigurationPlatforms) = preSolution
		Debug|Any CPU = Debug|Any CPU
		Release|Any CPU = Release|Any CPU
	EndGlobalSection
	GlobalSection(ProjectConfigurationPlatforms) = postSolution
		{30E5CBA4-BA4B-40FB-9C64-33C7A5451677}.Debug|Any CPU.ActiveCfg = Debug|Any CPU
		{30E5CBA4-BA4B-40FB-9C64-33C7A5451677}.Debug|Any CPU.Build.0 = Debug|Any CPU
		{30E5CBA4-BA4B-40FB-9C64-33C7A5451677}.Release|Any CPU.ActiveCfg = Release|Any CPU
		{30E5CBA4-BA4B-40FB-9C64-33C7A5451677}.Release|Any CPU.Build.0 = Release|Any CPU
	EndGlobalSection
	GlobalSection(SolutionProperties) = preSolution
		HideSolutionNode = FALSE
	EndGlobalSection
	GlobalSection(ExtensibilityGlobals) = postSolution
		SolutionGuid = {5B7564BF-0AF8-4006-BD1B-9D441C5C6006}
	EndGlobalSection
EndGlobal
